
Microsoft Visual Studio Solution File, Format Version 12.00
# Visual Studio 15
VisualStudioVersion = 15.0.27703.2035
MinimumVisualStudioVersion = 10.0.40219.1
Project("{FAE04EC0-301F-11D3-BF4B-00C04F79EFBC}") = "xPlatAuction.Android", "xPlatAuction\xPlatAuction.Android\xPlatAuction.Android.csproj", "{B899E028-B6B6-44F2-9E12-B67C0ED5A9FA}"
EndProject
Project("{FAE04EC0-301F-11D3-BF4B-00C04F79EFBC}") = "xPlatAuction.iOS", "xPlatAuction\xPlatAuction.iOS\xPlatAuction.iOS.csproj", "{9DA47C1C-3D42-4DCE-BFA0-BAD93CB48DCF}"
EndProject
Project("{FAE04EC0-301F-11D3-BF4B-00C04F79EFBC}") = "xPlatAuction.UWP", "xPlatAuction\xPlatAuction.UWP\xPlatAuction.UWP.csproj", "{8B28CBD8-AF6D-4459-8B14-46DDA3922596}"
EndProject
Project("{FAE04EC0-301F-11D3-BF4B-00C04F79EFBC}") = "xPlatAuction", "xPlatAuction\xPlatAuction\xPlatAuction.csproj", "{20A3645C-6C53-41AE-851C-2FC84B205BAD}"
EndProject
Global
	GlobalSection(SolutionConfigurationPlatforms) = preSolution
		Ad-Hoc|Any CPU = Ad-Hoc|Any CPU
		Ad-Hoc|ARM = Ad-Hoc|ARM
		Ad-Hoc|iPhone = Ad-Hoc|iPhone
		Ad-Hoc|iPhoneSimulator = Ad-Hoc|iPhoneSimulator
		Ad-Hoc|x64 = Ad-Hoc|x64
		Ad-Hoc|x86 = Ad-Hoc|x86
		AppStore|Any CPU = AppStore|Any CPU
		AppStore|ARM = AppStore|ARM
		AppStore|iPhone = AppStore|iPhone
		AppStore|iPhoneSimulator = AppStore|iPhoneSimulator
		AppStore|x64 = AppStore|x64
		AppStore|x86 = AppStore|x86
		Debug|Any CPU = Debug|Any CPU
		Debug|ARM = Debug|ARM
		Debug|iPhone = Debug|iPhone
		Debug|iPhoneSimulator = Debug|iPhoneSimulator
		Debug|x64 = Debug|x64
		Debug|x86 = Debug|x86
		Release|Any CPU = Release|Any CPU
		Release|ARM = Release|ARM
		Release|iPhone = Release|iPhone
		Release|iPhoneSimulator = Release|iPhoneSimulator
		Release|x64 = Release|x64
		Release|x86 = Release|x86
	EndGlobalSection
	GlobalSection(ProjectConfigurationPlatforms) = postSolution
		{B899E028-B6B6-44F2-9E12-B67C0ED5A9FA}.Ad-Hoc|Any CPU.ActiveCfg = Release|Any CPU
		{B899E028-B6B6-44F2-9E12-B67C0ED5A9FA}.Ad-Hoc|Any CPU.Build.0 = Release|Any CPU
		{B899E028-B6B6-44F2-9E12-B67C0ED5A9FA}.Ad-Hoc|Any CPU.Deploy.0 = Release|Any CPU
		{B899E028-B6B6-44F2-9E12-B67C0ED5A9FA}.Ad-Hoc|ARM.ActiveCfg = Release|Any CPU
		{B899E028-B6B6-44F2-9E12-B67C0ED5A9FA}.Ad-Hoc|ARM.Build.0 = Release|Any CPU
		{B899E028-B6B6-44F2-9E12-B67C0ED5A9FA}.Ad-Hoc|ARM.Deploy.0 = Release|Any CPU
		{B899E028-B6B6-44F2-9E12-B67C0ED5A9FA}.Ad-Hoc|iPhone.ActiveCfg = Release|Any CPU
		{B899E028-B6B6-44F2-9E12-B67C0ED5A9FA}.Ad-Hoc|iPhone.Build.0 = Release|Any CPU
		{B899E028-B6B6-44F2-9E12-B67C0ED5A9FA}.Ad-Hoc|iPhone.Deploy.0 = Release|Any CPU
		{B899E028-B6B6-44F2-9E12-B67C0ED5A9FA}.Ad-Hoc|iPhoneSimulator.ActiveCfg = Release|Any CPU
		{B899E028-B6B6-44F2-9E12-B67C0ED5A9FA}.Ad-Hoc|iPhoneSimulator.Build.0 = Release|Any CPU
		{B899E028-B6B6-44F2-9E12-B67C0ED5A9FA}.Ad-Hoc|iPhoneSimulator.Deploy.0 = Release|Any CPU
		{B899E028-B6B6-44F2-9E12-B67C0ED5A9FA}.Ad-Hoc|x64.ActiveCfg = Release|Any CPU
		{B899E028-B6B6-44F2-9E12-B67C0ED5A9FA}.Ad-Hoc|x64.Build.0 = Release|Any CPU
		{B899E028-B6B6-44F2-9E12-B67C0ED5A9FA}.Ad-Hoc|x64.Deploy.0 = Release|Any CPU
		{B899E028-B6B6-44F2-9E12-B67C0ED5A9FA}.Ad-Hoc|x86.ActiveCfg = Release|Any CPU
		{B899E028-B6B6-44F2-9E12-B67C0ED5A9FA}.Ad-Hoc|x86.Build.0 = Release|Any CPU
		{B899E028-B6B6-44F2-9E12-B67C0ED5A9FA}.Ad-Hoc|x86.Deploy.0 = Release|Any CPU
		{B899E028-B6B6-44F2-9E12-B67C0ED5A9FA}.AppStore|Any CPU.ActiveCfg = Release|Any CPU
		{B899E028-B6B6-44F2-9E12-B67C0ED5A9FA}.AppStore|Any CPU.Build.0 = Release|Any CPU
		{B899E028-B6B6-44F2-9E12-B67C0ED5A9FA}.AppStore|Any CPU.Deploy.0 = Release|Any CPU
		{B899E028-B6B6-44F2-9E12-B67C0ED5A9FA}.AppStore|ARM.ActiveCfg = Release|Any CPU
		{B899E028-B6B6-44F2-9E12-B67C0ED5A9FA}.AppStore|ARM.Build.0 = Release|Any CPU
		{B899E028-B6B6-44F2-9E12-B67C0ED5A9FA}.AppStore|ARM.Deploy.0 = Release|Any CPU
		{B899E028-B6B6-44F2-9E12-B67C0ED5A9FA}.AppStore|iPhone.ActiveCfg = Release|Any CPU
		{B899E028-B6B6-44F2-9E12-B67C0ED5A9FA}.AppStore|iPhone.Build.0 = Release|Any CPU
		{B899E028-B6B6-44F2-9E12-B67C0ED5A9FA}.AppStore|iPhone.Deploy.0 = Release|Any CPU
		{B899E028-B6B6-44F2-9E12-B67C0ED5A9FA}.AppStore|iPhoneSimulator.ActiveCfg = Release|Any CPU
		{B899E028-B6B6-44F2-9E12-B67C0ED5A9FA}.AppStore|iPhoneSimulator.Build.0 = Release|Any CPU
		{B899E028-B6B6-44F2-9E12-B67C0ED5A9FA}.AppStore|iPhoneSimulator.Deploy.0 = Release|Any CPU
		{B899E028-B6B6-44F2-9E12-B67C0ED5A9FA}.AppStore|x64.ActiveCfg = Release|Any CPU
		{B899E028-B6B6-44F2-9E12-B67C0ED5A9FA}.AppStore|x64.Build.0 = Release|Any CPU
		{B899E028-B6B6-44F2-9E12-B67C0ED5A9FA}.AppStore|x64.Deploy.0 = Release|Any CPU
		{B899E028-B6B6-44F2-9E12-B67C0ED5A9FA}.AppStore|x86.ActiveCfg = Release|Any CPU
		{B899E028-B6B6-44F2-9E12-B67C0ED5A9FA}.AppStore|x86.Build.0 = Release|Any CPU
		{B899E028-B6B6-44F2-9E12-B67C0ED5A9FA}.AppStore|x86.Deploy.0 = Release|Any CPU
		{B899E028-B6B6-44F2-9E12-B67C0ED5A9FA}.Debug|Any CPU.ActiveCfg = Debug|Any CPU
		{B899E028-B6B6-44F2-9E12-B67C0ED5A9FA}.Debug|Any CPU.Build.0 = Debug|Any CPU
		{B899E028-B6B6-44F2-9E12-B67C0ED5A9FA}.Debug|Any CPU.Deploy.0 = Debug|Any CPU
		{B899E028-B6B6-44F2-9E12-B67C0ED5A9FA}.Debug|ARM.ActiveCfg = Debug|Any CPU
		{B899E028-B6B6-44F2-9E12-B67C0ED5A9FA}.Debug|ARM.Build.0 = Debug|Any CPU
		{B899E028-B6B6-44F2-9E12-B67C0ED5A9FA}.Debug|ARM.Deploy.0 = Debug|Any CPU
		{B899E028-B6B6-44F2-9E12-B67C0ED5A9FA}.Debug|iPhone.ActiveCfg = Debug|Any CPU
		{B899E028-B6B6-44F2-9E12-B67C0ED5A9FA}.Debug|iPhone.Build.0 = Debug|Any CPU
		{B899E028-B6B6-44F2-9E12-B67C0ED5A9FA}.Debug|iPhone.Deploy.0 = Debug|Any CPU
		{B899E028-B6B6-44F2-9E12-B67C0ED5A9FA}.Debug|iPhoneSimulator.ActiveCfg = Debug|Any CPU
		{B899E028-B6B6-44F2-9E12-B67C0ED5A9FA}.Debug|iPhoneSimulator.Build.0 = Debug|Any CPU
		{B899E028-B6B6-44F2-9E12-B67C0ED5A9FA}.Debug|iPhoneSimulator.Deploy.0 = Debug|Any CPU
		{B899E028-B6B6-44F2-9E12-B67C0ED5A9FA}.Debug|x64.ActiveCfg = Debug|Any CPU
		{B899E028-B6B6-44F2-9E12-B67C0ED5A9FA}.Debug|x64.Build.0 = Debug|Any CPU
		{B899E028-B6B6-44F2-9E12-B67C0ED5A9FA}.Debug|x64.Deploy.0 = Debug|Any CPU
		{B899E028-B6B6-44F2-9E12-B67C0ED5A9FA}.Debug|x86.ActiveCfg = Debug|Any CPU
		{B899E028-B6B6-44F2-9E12-B67C0ED5A9FA}.Debug|x86.Build.0 = Debug|Any CPU
		{B899E028-B6B6-44F2-9E12-B67C0ED5A9FA}.Debug|x86.Deploy.0 = Debug|Any CPU
		{B899E028-B6B6-44F2-9E12-B67C0ED5A9FA}.Release|Any CPU.ActiveCfg = Release|Any CPU
		{B899E028-B6B6-44F2-9E12-B67C0ED5A9FA}.Release|Any CPU.Build.0 = Release|Any CPU
		{B899E028-B6B6-44F2-9E12-B67C0ED5A9FA}.Release|Any CPU.Deploy.0 = Release|Any CPU
		{B899E028-B6B6-44F2-9E12-B67C0ED5A9FA}.Release|ARM.ActiveCfg = Release|Any CPU
		{B899E028-B6B6-44F2-9E12-B67C0ED5A9FA}.Release|ARM.Build.0 = Release|Any CPU
		{B899E028-B6B6-44F2-9E12-B67C0ED5A9FA}.Release|ARM.Deploy.0 = Release|Any CPU
		{B899E028-B6B6-44F2-9E12-B67C0ED5A9FA}.Release|iPhone.ActiveCfg = Release|Any CPU
		{B899E028-B6B6-44F2-9E12-B67C0ED5A9FA}.Release|iPhone.Build.0 = Release|Any CPU
		{B899E028-B6B6-44F2-9E12-B67C0ED5A9FA}.Release|iPhone.Deploy.0 = Release|Any CPU
		{B899E028-B6B6-44F2-9E12-B67C0ED5A9FA}.Release|iPhoneSimulator.ActiveCfg = Release|Any CPU
		{B899E028-B6B6-44F2-9E12-B67C0ED5A9FA}.Release|iPhoneSimulator.Build.0 = Release|Any CPU
		{B899E028-B6B6-44F2-9E12-B67C0ED5A9FA}.Release|iPhoneSimulator.Deploy.0 = Release|Any CPU
		{B899E028-B6B6-44F2-9E12-B67C0ED5A9FA}.Release|x64.ActiveCfg = Release|Any CPU
		{B899E028-B6B6-44F2-9E12-B67C0ED5A9FA}.Release|x64.Build.0 = Release|Any CPU
		{B899E028-B6B6-44F2-9E12-B67C0ED5A9FA}.Release|x64.Deploy.0 = Release|Any CPU
		{B899E028-B6B6-44F2-9E12-B67C0ED5A9FA}.Release|x86.ActiveCfg = Release|Any CPU
		{B899E028-B6B6-44F2-9E12-B67C0ED5A9FA}.Release|x86.Build.0 = Release|Any CPU
		{B899E028-B6B6-44F2-9E12-B67C0ED5A9FA}.Release|x86.Deploy.0 = Release|Any CPU
		{9DA47C1C-3D42-4DCE-BFA0-BAD93CB48DCF}.Ad-Hoc|Any CPU.ActiveCfg = Ad-Hoc|iPhone
		{9DA47C1C-3D42-4DCE-BFA0-BAD93CB48DCF}.Ad-Hoc|ARM.ActiveCfg = Ad-Hoc|iPhone
		{9DA47C1C-3D42-4DCE-BFA0-BAD93CB48DCF}.Ad-Hoc|iPhone.ActiveCfg = Ad-Hoc|iPhone
		{9DA47C1C-3D42-4DCE-BFA0-BAD93CB48DCF}.Ad-Hoc|iPhone.Build.0 = Ad-Hoc|iPhone
		{9DA47C1C-3D42-4DCE-BFA0-BAD93CB48DCF}.Ad-Hoc|iPhoneSimulator.ActiveCfg = Ad-Hoc|iPhoneSimulator
		{9DA47C1C-3D42-4DCE-BFA0-BAD93CB48DCF}.Ad-Hoc|iPhoneSimulator.Build.0 = Ad-Hoc|iPhoneSimulator
		{9DA47C1C-3D42-4DCE-BFA0-BAD93CB48DCF}.Ad-Hoc|x64.ActiveCfg = Ad-Hoc|iPhone
		{9DA47C1C-3D42-4DCE-BFA0-BAD93CB48DCF}.Ad-Hoc|x86.ActiveCfg = Ad-Hoc|iPhone
		{9DA47C1C-3D42-4DCE-BFA0-BAD93CB48DCF}.AppStore|Any CPU.ActiveCfg = AppStore|iPhone
		{9DA47C1C-3D42-4DCE-BFA0-BAD93CB48DCF}.AppStore|ARM.ActiveCfg = AppStore|iPhone
		{9DA47C1C-3D42-4DCE-BFA0-BAD93CB48DCF}.AppStore|iPhone.ActiveCfg = AppStore|iPhone
		{9DA47C1C-3D42-4DCE-BFA0-BAD93CB48DCF}.AppStore|iPhone.Build.0 = AppStore|iPhone
		{9DA47C1C-3D42-4DCE-BFA0-BAD93CB48DCF}.AppStore|iPhoneSimulator.ActiveCfg = AppStore|iPhoneSimulator
		{9DA47C1C-3D42-4DCE-BFA0-BAD93CB48DCF}.AppStore|iPhoneSimulator.Build.0 = AppStore|iPhoneSimulator
		{9DA47C1C-3D42-4DCE-BFA0-BAD93CB48DCF}.AppStore|x64.ActiveCfg = AppStore|iPhone
		{9DA47C1C-3D42-4DCE-BFA0-BAD93CB48DCF}.AppStore|x86.ActiveCfg = AppStore|iPhone
		{9DA47C1C-3D42-4DCE-BFA0-BAD93CB48DCF}.Debug|Any CPU.ActiveCfg = Debug|iPhone
		{9DA47C1C-3D42-4DCE-BFA0-BAD93CB48DCF}.Debug|ARM.ActiveCfg = Debug|iPhone
		{9DA47C1C-3D42-4DCE-BFA0-BAD93CB48DCF}.Debug|iPhone.ActiveCfg = Debug|iPhone
		{9DA47C1C-3D42-4DCE-BFA0-BAD93CB48DCF}.Debug|iPhone.Build.0 = Debug|iPhone
		{9DA47C1C-3D42-4DCE-BFA0-BAD93CB48DCF}.Debug|iPhoneSimulator.ActiveCfg = Debug|iPhoneSimulator
		{9DA47C1C-3D42-4DCE-BFA0-BAD93CB48DCF}.Debug|iPhoneSimulator.Build.0 = Debug|iPhoneSimulator
		{9DA47C1C-3D42-4DCE-BFA0-BAD93CB48DCF}.Debug|x64.ActiveCfg = Debug|iPhone
		{9DA47C1C-3D42-4DCE-BFA0-BAD93CB48DCF}.Debug|x86.ActiveCfg = Debug|iPhone
		{9DA47C1C-3D42-4DCE-BFA0-BAD93CB48DCF}.Release|Any CPU.ActiveCfg = Release|iPhone
		{9DA47C1C-3D42-4DCE-BFA0-BAD93CB48DCF}.Release|ARM.ActiveCfg = Release|iPhone
		{9DA47C1C-3D42-4DCE-BFA0-BAD93CB48DCF}.Release|iPhone.ActiveCfg = Release|iPhone
		{9DA47C1C-3D42-4DCE-BFA0-BAD93CB48DCF}.Release|iPhone.Build.0 = Release|iPhone
		{9DA47C1C-3D42-4DCE-BFA0-BAD93CB48DCF}.Release|iPhoneSimulator.ActiveCfg = Release|iPhoneSimulator
		{9DA47C1C-3D42-4DCE-BFA0-BAD93CB48DCF}.Release|iPhoneSimulator.Build.0 = Release|iPhoneSimulator
		{9DA47C1C-3D42-4DCE-BFA0-BAD93CB48DCF}.Release|x64.ActiveCfg = Release|iPhone
		{9DA47C1C-3D42-4DCE-BFA0-BAD93CB48DCF}.Release|x86.ActiveCfg = Release|iPhone
		{8B28CBD8-AF6D-4459-8B14-46DDA3922596}.Ad-Hoc|Any CPU.ActiveCfg = Release|x86
		{8B28CBD8-AF6D-4459-8B14-46DDA3922596}.Ad-Hoc|Any CPU.Build.0 = Release|x86
		{8B28CBD8-AF6D-4459-8B14-46DDA3922596}.Ad-Hoc|Any CPU.Deploy.0 = Release|x86
		{8B28CBD8-AF6D-4459-8B14-46DDA3922596}.Ad-Hoc|ARM.ActiveCfg = Release|ARM
		{8B28CBD8-AF6D-4459-8B14-46DDA3922596}.Ad-Hoc|ARM.Build.0 = Release|ARM
		{8B28CBD8-AF6D-4459-8B14-46DDA3922596}.Ad-Hoc|ARM.Deploy.0 = Release|ARM
		{8B28CBD8-AF6D-4459-8B14-46DDA3922596}.Ad-Hoc|iPhone.ActiveCfg = Release|x86
		{8B28CBD8-AF6D-4459-8B14-46DDA3922596}.Ad-Hoc|iPhone.Build.0 = Release|x86
		{8B28CBD8-AF6D-4459-8B14-46DDA3922596}.Ad-Hoc|iPhone.Deploy.0 = Release|x86
		{8B28CBD8-AF6D-4459-8B14-46DDA3922596}.Ad-Hoc|iPhoneSimulator.ActiveCfg = Release|x86
		{8B28CBD8-AF6D-4459-8B14-46DDA3922596}.Ad-Hoc|iPhoneSimulator.Build.0 = Release|x86
		{8B28CBD8-AF6D-4459-8B14-46DDA3922596}.Ad-Hoc|iPhoneSimulator.Deploy.0 = Release|x86
		{8B28CBD8-AF6D-4459-8B14-46DDA3922596}.Ad-Hoc|x64.ActiveCfg = Release|x64
		{8B28CBD8-AF6D-4459-8B14-46DDA3922596}.Ad-Hoc|x64.Build.0 = Release|x64
		{8B28CBD8-AF6D-4459-8B14-46DDA3922596}.Ad-Hoc|x64.Deploy.0 = Release|x64
		{8B28CBD8-AF6D-4459-8B14-46DDA3922596}.Ad-Hoc|x86.ActiveCfg = Release|x86
		{8B28CBD8-AF6D-4459-8B14-46DDA3922596}.Ad-Hoc|x86.Build.0 = Release|x86
		{8B28CBD8-AF6D-4459-8B14-46DDA3922596}.Ad-Hoc|x86.Deploy.0 = Release|x86
		{8B28CBD8-AF6D-4459-8B14-46DDA3922596}.AppStore|Any CPU.ActiveCfg = Release|x86
		{8B28CBD8-AF6D-4459-8B14-46DDA3922596}.AppStore|Any CPU.Build.0 = Release|x86
		{8B28CBD8-AF6D-4459-8B14-46DDA3922596}.AppStore|Any CPU.Deploy.0 = Release|x86
		{8B28CBD8-AF6D-4459-8B14-46DDA3922596}.AppStore|ARM.ActiveCfg = Release|ARM
		{8B28CBD8-AF6D-4459-8B14-46DDA3922596}.AppStore|ARM.Build.0 = Release|ARM
		{8B28CBD8-AF6D-4459-8B14-46DDA3922596}.AppStore|ARM.Deploy.0 = Release|ARM
		{8B28CBD8-AF6D-4459-8B14-46DDA3922596}.AppStore|iPhone.ActiveCfg = Release|x86
		{8B28CBD8-AF6D-4459-8B14-46DDA3922596}.AppStore|iPhone.Build.0 = Release|x86
		{8B28CBD8-AF6D-4459-8B14-46DDA3922596}.AppStore|iPhone.Deploy.0 = Release|x86
		{8B28CBD8-AF6D-4459-8B14-46DDA3922596}.AppStore|iPhoneSimulator.ActiveCfg = Release|x86
		{8B28CBD8-AF6D-4459-8B14-46DDA3922596}.AppStore|iPhoneSimulator.Build.0 = Release|x86
		{8B28CBD8-AF6D-4459-8B14-46DDA3922596}.AppStore|iPhoneSimulator.Deploy.0 = Release|x86
		{8B28CBD8-AF6D-4459-8B14-46DDA3922596}.AppStore|x64.ActiveCfg = Release|x64
		{8B28CBD8-AF6D-4459-8B14-46DDA3922596}.AppStore|x64.Build.0 = Release|x64
		{8B28CBD8-AF6D-4459-8B14-46DDA3922596}.AppStore|x64.Deploy.0 = Release|x64
		{8B28CBD8-AF6D-4459-8B14-46DDA3922596}.AppStore|x86.ActiveCfg = Release|x86
		{8B28CBD8-AF6D-4459-8B14-46DDA3922596}.AppStore|x86.Build.0 = Release|x86
		{8B28CBD8-AF6D-4459-8B14-46DDA3922596}.AppStore|x86.Deploy.0 = Release|x86
		{8B28CBD8-AF6D-4459-8B14-46DDA3922596}.Debug|Any CPU.ActiveCfg = Debug|x86
		{8B28CBD8-AF6D-4459-8B14-46DDA3922596}.Debug|ARM.ActiveCfg = Debug|ARM
		{8B28CBD8-AF6D-4459-8B14-46DDA3922596}.Debug|ARM.Build.0 = Debug|ARM
		{8B28CBD8-AF6D-4459-8B14-46DDA3922596}.Debug|ARM.Deploy.0 = Debug|ARM
		{8B28CBD8-AF6D-4459-8B14-46DDA3922596}.Debug|iPhone.ActiveCfg = Debug|x86
		{8B28CBD8-AF6D-4459-8B14-46DDA3922596}.Debug|iPhoneSimulator.ActiveCfg = Debug|x86
		{8B28CBD8-AF6D-4459-8B14-46DDA3922596}.Debug|x64.ActiveCfg = Debug|x64
		{8B28CBD8-AF6D-4459-8B14-46DDA3922596}.Debug|x64.Build.0 = Debug|x64
		{8B28CBD8-AF6D-4459-8B14-46DDA3922596}.Debug|x64.Deploy.0 = Debug|x64
		{8B28CBD8-AF6D-4459-8B14-46DDA3922596}.Debug|x86.ActiveCfg = Debug|x86
		{8B28CBD8-AF6D-4459-8B14-46DDA3922596}.Debug|x86.Build.0 = Debug|x86
		{8B28CBD8-AF6D-4459-8B14-46DDA3922596}.Debug|x86.Deploy.0 = Debug|x86
		{8B28CBD8-AF6D-4459-8B14-46DDA3922596}.Release|Any CPU.ActiveCfg = Release|x86
		{8B28CBD8-AF6D-4459-8B14-46DDA3922596}.Release|ARM.ActiveCfg = Release|ARM
		{8B28CBD8-AF6D-4459-8B14-46DDA3922596}.Release|ARM.Build.0 = Release|ARM
		{8B28CBD8-AF6D-4459-8B14-46DDA3922596}.Release|ARM.Deploy.0 = Release|ARM
		{8B28CBD8-AF6D-4459-8B14-46DDA3922596}.Release|iPhone.ActiveCfg = Release|x86
		{8B28CBD8-AF6D-4459-8B14-46DDA3922596}.Release|iPhoneSimulator.ActiveCfg = Release|x86
		{8B28CBD8-AF6D-4459-8B14-46DDA3922596}.Release|x64.ActiveCfg = Release|x64
		{8B28CBD8-AF6D-4459-8B14-46DDA3922596}.Release|x64.Build.0 = Release|x64
		{8B28CBD8-AF6D-4459-8B14-46DDA3922596}.Release|x64.Deploy.0 = Release|x64
		{8B28CBD8-AF6D-4459-8B14-46DDA3922596}.Release|x86.ActiveCfg = Release|x86
		{8B28CBD8-AF6D-4459-8B14-46DDA3922596}.Release|x86.Build.0 = Release|x86
		{8B28CBD8-AF6D-4459-8B14-46DDA3922596}.Release|x86.Deploy.0 = Release|x86
		{20A3645C-6C53-41AE-851C-2FC84B205BAD}.Ad-Hoc|Any CPU.ActiveCfg = Debug|Any CPU
		{20A3645C-6C53-41AE-851C-2FC84B205BAD}.Ad-Hoc|Any CPU.Build.0 = Debug|Any CPU
		{20A3645C-6C53-41AE-851C-2FC84B205BAD}.Ad-Hoc|ARM.ActiveCfg = Debug|Any CPU
		{20A3645C-6C53-41AE-851C-2FC84B205BAD}.Ad-Hoc|ARM.Build.0 = Debug|Any CPU
		{20A3645C-6C53-41AE-851C-2FC84B205BAD}.Ad-Hoc|iPhone.ActiveCfg = Debug|Any CPU
		{20A3645C-6C53-41AE-851C-2FC84B205BAD}.Ad-Hoc|iPhone.Build.0 = Debug|Any CPU
		{20A3645C-6C53-41AE-851C-2FC84B205BAD}.Ad-Hoc|iPhoneSimulator.ActiveCfg = Debug|Any CPU
		{20A3645C-6C53-41AE-851C-2FC84B205BAD}.Ad-Hoc|iPhoneSimulator.Build.0 = Debug|Any CPU
		{20A3645C-6C53-41AE-851C-2FC84B205BAD}.Ad-Hoc|x64.ActiveCfg = Debug|Any CPU
		{20A3645C-6C53-41AE-851C-2FC84B205BAD}.Ad-Hoc|x64.Build.0 = Debug|Any CPU
		{20A3645C-6C53-41AE-851C-2FC84B205BAD}.Ad-Hoc|x86.ActiveCfg = Debug|Any CPU
		{20A3645C-6C53-41AE-851C-2FC84B205BAD}.Ad-Hoc|x86.Build.0 = Debug|Any CPU
		{20A3645C-6C53-41AE-851C-2FC84B205BAD}.AppStore|Any CPU.ActiveCfg = Debug|Any CPU
		{20A3645C-6C53-41AE-851C-2FC84B205BAD}.AppStore|Any CPU.Build.0 = Debug|Any CPU
		{20A3645C-6C53-41AE-851C-2FC84B205BAD}.AppStore|ARM.ActiveCfg = Debug|Any CPU
		{20A3645C-6C53-41AE-851C-2FC84B205BAD}.AppStore|ARM.Build.0 = Debug|Any CPU
		{20A3645C-6C53-41AE-851C-2FC84B205BAD}.AppStore|iPhone.ActiveCfg = Debug|Any CPU
		{20A3645C-6C53-41AE-851C-2FC84B205BAD}.AppStore|iPhone.Build.0 = Debug|Any CPU
		{20A3645C-6C53-41AE-851C-2FC84B205BAD}.AppStore|iPhoneSimulator.ActiveCfg = Debug|Any CPU
		{20A3645C-6C53-41AE-851C-2FC84B205BAD}.AppStore|iPhoneSimulator.Build.0 = Debug|Any CPU
		{20A3645C-6C53-41AE-851C-2FC84B205BAD}.AppStore|x64.ActiveCfg = Debug|Any CPU
		{20A3645C-6C53-41AE-851C-2FC84B205BAD}.AppStore|x64.Build.0 = Debug|Any CPU
		{20A3645C-6C53-41AE-851C-2FC84B205BAD}.AppStore|x86.ActiveCfg = Debug|Any CPU
		{20A3645C-6C53-41AE-851C-2FC84B205BAD}.AppStore|x86.Build.0 = Debug|Any CPU
		{20A3645C-6C53-41AE-851C-2FC84B205BAD}.Debug|Any CPU.ActiveCfg = Debug|Any CPU
		{20A3645C-6C53-41AE-851C-2FC84B205BAD}.Debug|Any CPU.Build.0 = Debug|Any CPU
		{20A3645C-6C53-41AE-851C-2FC84B205BAD}.Debug|ARM.ActiveCfg = Debug|Any CPU
		{20A3645C-6C53-41AE-851C-2FC84B205BAD}.Debug|ARM.Build.0 = Debug|Any CPU
		{20A3645C-6C53-41AE-851C-2FC84B205BAD}.Debug|iPhone.ActiveCfg = Debug|Any CPU
		{20A3645C-6C53-41AE-851C-2FC84B205BAD}.Debug|iPhone.Build.0 = Debug|Any CPU
		{20A3645C-6C53-41AE-851C-2FC84B205BAD}.Debug|iPhoneSimulator.ActiveCfg = Debug|Any CPU
		{20A3645C-6C53-41AE-851C-2FC84B205BAD}.Debug|iPhoneSimulator.Build.0 = Debug|Any CPU
		{20A3645C-6C53-41AE-851C-2FC84B205BAD}.Debug|x64.ActiveCfg = Debug|Any CPU
		{20A3645C-6C53-41AE-851C-2FC84B205BAD}.Debug|x64.Build.0 = Debug|Any CPU
		{20A3645C-6C53-41AE-851C-2FC84B205BAD}.Debug|x86.ActiveCfg = Debug|Any CPU
		{20A3645C-6C53-41AE-851C-2FC84B205BAD}.Debug|x86.Build.0 = Debug|Any CPU
		{20A3645C-6C53-41AE-851C-2FC84B205BAD}.Release|Any CPU.ActiveCfg = Release|Any CPU
		{20A3645C-6C53-41AE-851C-2FC84B205BAD}.Release|Any CPU.Build.0 = Release|Any CPU
		{20A3645C-6C53-41AE-851C-2FC84B205BAD}.Release|ARM.ActiveCfg = Release|Any CPU
		{20A3645C-6C53-41AE-851C-2FC84B205BAD}.Release|ARM.Build.0 = Release|Any CPU
		{20A3645C-6C53-41AE-851C-2FC84B205BAD}.Release|iPhone.ActiveCfg = Release|Any CPU
		{20A3645C-6C53-41AE-851C-2FC84B205BAD}.Release|iPhone.Build.0 = Release|Any CPU
		{20A3645C-6C53-41AE-851C-2FC84B205BAD}.Release|iPhoneSimulator.ActiveCfg = Release|Any CPU
		{20A3645C-6C53-41AE-851C-2FC84B205BAD}.Release|iPhoneSimulator.Build.0 = Release|Any CPU
		{20A3645C-6C53-41AE-851C-2FC84B205BAD}.Release|x64.ActiveCfg = Release|Any CPU
		{20A3645C-6C53-41AE-851C-2FC84B205BAD}.Release|x64.Build.0 = Release|Any CPU
		{20A3645C-6C53-41AE-851C-2FC84B205BAD}.Release|x86.ActiveCfg = Release|Any CPU
		{20A3645C-6C53-41AE-851C-2FC84B205BAD}.Release|x86.Build.0 = Release|Any CPU
	EndGlobalSection
	GlobalSection(SolutionProperties) = preSolution
		HideSolutionNode = FALSE
	EndGlobalSection
	GlobalSection(ExtensibilityGlobals) = postSolution
		SolutionGuid = {3E5A4EB3-5057-4A59-B918-610AADA90664}
	EndGlobalSection
EndGlobal
